// !$*UTF8*$!
{
	archiveVersion = 1;
	classes = {
	};
	objectVersion = 56;
	objects = {

/* Begin PBXBuildFile section */
		F224145A2A8186270045E50C /* CollectionSupplementaryView.swift in Sources */ = {isa = PBXBuildFile; fileRef = F22414592A8186270045E50C /* CollectionSupplementaryView.swift */; };
		F224145E2A82E77B0045E50C /* CollectionViewCell.swift in Sources */ = {isa = PBXBuildFile; fileRef = F224145D2A82E77B0045E50C /* CollectionViewCell.swift */; };
		F22414602A854FFA0045E50C /* ScheduleViewController.swift in Sources */ = {isa = PBXBuildFile; fileRef = F224145F2A854FFA0045E50C /* ScheduleViewController.swift */; };
		F22414622A859B560045E50C /* CategoryViewController.swift in Sources */ = {isa = PBXBuildFile; fileRef = F22414612A859B560045E50C /* CategoryViewController.swift */; };
		F22C50922A79611800FE23C1 /* TrackerViewCell.swift in Sources */ = {isa = PBXBuildFile; fileRef = F22C50912A79611800FE23C1 /* TrackerViewCell.swift */; };
		F22C50942A79729100FE23C1 /* SupplementaryView.swift in Sources */ = {isa = PBXBuildFile; fileRef = F22C50932A79729100FE23C1 /* SupplementaryView.swift */; };
		F22C50962A79764700FE23C1 /* TrackerStructure.swift in Sources */ = {isa = PBXBuildFile; fileRef = F22C50952A79764700FE23C1 /* TrackerStructure.swift */; };
		F23372B12AAF9C5800EB3D8E /* PageViewController.swift in Sources */ = {isa = PBXBuildFile; fileRef = F23372B02AAF9C5800EB3D8E /* PageViewController.swift */; };
		F23372D92ABF69FF00EB3D8E /* EditTrackerViewController.swift in Sources */ = {isa = PBXBuildFile; fileRef = F23372D82ABF69FF00EB3D8E /* EditTrackerViewController.swift */; };
		F23372DB2AC0E05000EB3D8E /* TextHelper.swift in Sources */ = {isa = PBXBuildFile; fileRef = F23372DA2AC0E05000EB3D8E /* TextHelper.swift */; };
		F23372E02AC0EA2D00EB3D8E /* Localizable.strings in Resources */ = {isa = PBXBuildFile; fileRef = F23372E22AC0EA2D00EB3D8E /* Localizable.strings */; };
		F23372E62AC0FA8D00EB3D8E /* InfoPlist.strings in Resources */ = {isa = PBXBuildFile; fileRef = F23372E82AC0FA8D00EB3D8E /* InfoPlist.strings */; };
		F24FF4042A76AC9600CDD96F /* TabBarController.swift in Sources */ = {isa = PBXBuildFile; fileRef = F24FF4032A76AC9600CDD96F /* TabBarController.swift */; };
		F24FF4062A76AFE200CDD96F /* StatisticViewController.swift in Sources */ = {isa = PBXBuildFile; fileRef = F24FF4052A76AFE200CDD96F /* StatisticViewController.swift */; };
		F26345E82A7D695000139468 /* CreateNewTrackerController.swift in Sources */ = {isa = PBXBuildFile; fileRef = F26345E72A7D694F00139468 /* CreateNewTrackerController.swift */; };
		F26345EA2A7D807500139468 /* NewTrackerViewController.swift in Sources */ = {isa = PBXBuildFile; fileRef = F26345E92A7D807500139468 /* NewTrackerViewController.swift */; };
		F26345EC2A7D933C00139468 /* Constant.swift in Sources */ = {isa = PBXBuildFile; fileRef = F26345EB2A7D933C00139468 /* Constant.swift */; };
		F27E43222AC37D260076BE0E /* TrackerTests.swift in Sources */ = {isa = PBXBuildFile; fileRef = F27E43212AC37D260076BE0E /* TrackerTests.swift */; };
		F27E432A2AC37D590076BE0E /* SnapshotTesting in Frameworks */ = {isa = PBXBuildFile; productRef = F27E43292AC37D590076BE0E /* SnapshotTesting */; };
		F27E432C2AC448B10076BE0E /* FilterViewController.swift in Sources */ = {isa = PBXBuildFile; fileRef = F27E432B2AC448B10076BE0E /* FilterViewController.swift */; };
		F2BAC2332A8E70550009920F /* Colors.swift in Sources */ = {isa = PBXBuildFile; fileRef = F2BAC2322A8E70550009920F /* Colors.swift */; };
		F2BAC2352A8E78410009920F /* Fonts.swift in Sources */ = {isa = PBXBuildFile; fileRef = F2BAC2342A8E78410009920F /* Fonts.swift */; };
		F2BAC2632A93FFB10009920F /* TrackerStore.swift in Sources */ = {isa = PBXBuildFile; fileRef = F2BAC2622A93FFB10009920F /* TrackerStore.swift */; };
		F2BAC2652A93FFD40009920F /* TrackerCategoryStore.swift in Sources */ = {isa = PBXBuildFile; fileRef = F2BAC2642A93FFD40009920F /* TrackerCategoryStore.swift */; };
		F2BAC2672A93FFEE0009920F /* TrackerRecordStore.swift in Sources */ = {isa = PBXBuildFile; fileRef = F2BAC2662A93FFEE0009920F /* TrackerRecordStore.swift */; };
		F2BAC26A2A9400190009920F /* Tracker.xcdatamodeld in Sources */ = {isa = PBXBuildFile; fileRef = F2BAC2682A9400190009920F /* Tracker.xcdatamodeld */; };
		F2BAC26C2A9484ED0009920F /* UIColorMarshalling.swift in Sources */ = {isa = PBXBuildFile; fileRef = F2BAC26B2A9484ED0009920F /* UIColorMarshalling.swift */; };
		F2BAC26E2A9648E30009920F /* UIScheduleMarshalling.swift in Sources */ = {isa = PBXBuildFile; fileRef = F2BAC26D2A9648E30009920F /* UIScheduleMarshalling.swift */; };
		F2BAC2B42AA3C0880009920F /* OnboardingViewController.swift in Sources */ = {isa = PBXBuildFile; fileRef = F2BAC2B32AA3C0880009920F /* OnboardingViewController.swift */; };
		F2BAC2DB2AA49DFA0009920F /* CategoryModel.swift in Sources */ = {isa = PBXBuildFile; fileRef = F2BAC2DA2AA49DFA0009920F /* CategoryModel.swift */; };
		F2BAC2DD2AA49E420009920F /* CategoryViewModel.swift in Sources */ = {isa = PBXBuildFile; fileRef = F2BAC2DC2AA49E420009920F /* CategoryViewModel.swift */; };
		F2BAC2DF2AA4B6A20009920F /* CategoryTableViewCell.swift in Sources */ = {isa = PBXBuildFile; fileRef = F2BAC2DE2AA4B6A20009920F /* CategoryTableViewCell.swift */; };
		F2BC13812AA7A020005D6120 /* NewCategoryViewController.swift in Sources */ = {isa = PBXBuildFile; fileRef = F2BC13802AA7A020005D6120 /* NewCategoryViewController.swift */; };
		F2BC13832AA7A3BC005D6120 /* Extention.swift in Sources */ = {isa = PBXBuildFile; fileRef = F2BC13822AA7A3BC005D6120 /* Extention.swift */; };
		F2BC13892AADD9BB005D6120 /* Observable.swift in Sources */ = {isa = PBXBuildFile; fileRef = F2BC13882AADD9BB005D6120 /* Observable.swift */; };
		F2C203C42A73008E005EE4EB /* AppDelegate.swift in Sources */ = {isa = PBXBuildFile; fileRef = F2C203C32A73008E005EE4EB /* AppDelegate.swift */; };
		F2C203C82A73008E005EE4EB /* TrackersViewController.swift in Sources */ = {isa = PBXBuildFile; fileRef = F2C203C72A73008E005EE4EB /* TrackersViewController.swift */; };
		F2C203CD2A73008F005EE4EB /* Assets.xcassets in Resources */ = {isa = PBXBuildFile; fileRef = F2C203CC2A73008F005EE4EB /* Assets.xcassets */; };
		F2C203D02A73008F005EE4EB /* LaunchScreen.storyboard in Resources */ = {isa = PBXBuildFile; fileRef = F2C203CE2A73008F005EE4EB /* LaunchScreen.storyboard */; };
/* End PBXBuildFile section */

/* Begin PBXContainerItemProxy section */
		F27E43232AC37D260076BE0E /* PBXContainerItemProxy */ = {
			isa = PBXContainerItemProxy;
			containerPortal = F2C203B82A73008E005EE4EB /* Project object */;
			proxyType = 1;
			remoteGlobalIDString = F2C203BF2A73008E005EE4EB;
			remoteInfo = Tracker;
		};
/* End PBXContainerItemProxy section */

/* Begin PBXFileReference section */
		F22414592A8186270045E50C /* CollectionSupplementaryView.swift */ = {isa = PBXFileReference; lastKnownFileType = sourcecode.swift; path = CollectionSupplementaryView.swift; sourceTree = "<group>"; };
		F224145D2A82E77B0045E50C /* CollectionViewCell.swift */ = {isa = PBXFileReference; lastKnownFileType = sourcecode.swift; path = CollectionViewCell.swift; sourceTree = "<group>"; };
		F224145F2A854FFA0045E50C /* ScheduleViewController.swift */ = {isa = PBXFileReference; lastKnownFileType = sourcecode.swift; path = ScheduleViewController.swift; sourceTree = "<group>"; };
		F22414612A859B560045E50C /* CategoryViewController.swift */ = {isa = PBXFileReference; lastKnownFileType = sourcecode.swift; path = CategoryViewController.swift; sourceTree = "<group>"; };
		F22C50912A79611800FE23C1 /* TrackerViewCell.swift */ = {isa = PBXFileReference; lastKnownFileType = sourcecode.swift; path = TrackerViewCell.swift; sourceTree = "<group>"; };
		F22C50932A79729100FE23C1 /* SupplementaryView.swift */ = {isa = PBXFileReference; lastKnownFileType = sourcecode.swift; path = SupplementaryView.swift; sourceTree = "<group>"; };
		F22C50952A79764700FE23C1 /* TrackerStructure.swift */ = {isa = PBXFileReference; lastKnownFileType = sourcecode.swift; path = TrackerStructure.swift; sourceTree = "<group>"; };
		F23372B02AAF9C5800EB3D8E /* PageViewController.swift */ = {isa = PBXFileReference; lastKnownFileType = sourcecode.swift; path = PageViewController.swift; sourceTree = "<group>"; };
		F23372D82ABF69FF00EB3D8E /* EditTrackerViewController.swift */ = {isa = PBXFileReference; lastKnownFileType = sourcecode.swift; path = EditTrackerViewController.swift; sourceTree = "<group>"; };
		F23372DA2AC0E05000EB3D8E /* TextHelper.swift */ = {isa = PBXFileReference; lastKnownFileType = sourcecode.swift; path = TextHelper.swift; sourceTree = "<group>"; };
		F23372DF2AC0E94E00EB3D8E /* ru */ = {isa = PBXFileReference; lastKnownFileType = text.plist.strings; name = ru; path = ru.lproj/LaunchScreen.strings; sourceTree = "<group>"; };
		F23372E12AC0EA2D00EB3D8E /* ru */ = {isa = PBXFileReference; lastKnownFileType = text.plist.strings; name = ru; path = ru.lproj/Localizable.strings; sourceTree = "<group>"; };
		F23372E32AC0EA3900EB3D8E /* en */ = {isa = PBXFileReference; lastKnownFileType = text.plist.strings; name = en; path = en.lproj/Localizable.strings; sourceTree = "<group>"; };
		F23372E72AC0FA8D00EB3D8E /* en */ = {isa = PBXFileReference; lastKnownFileType = text.plist.strings; name = en; path = en.lproj/InfoPlist.strings; sourceTree = "<group>"; };
		F23372E92AC0FA9200EB3D8E /* ru */ = {isa = PBXFileReference; lastKnownFileType = text.plist.strings; name = ru; path = ru.lproj/InfoPlist.strings; sourceTree = "<group>"; };
		F24FF4032A76AC9600CDD96F /* TabBarController.swift */ = {isa = PBXFileReference; lastKnownFileType = sourcecode.swift; path = TabBarController.swift; sourceTree = "<group>"; };
		F24FF4052A76AFE200CDD96F /* StatisticViewController.swift */ = {isa = PBXFileReference; lastKnownFileType = sourcecode.swift; path = StatisticViewController.swift; sourceTree = "<group>"; };
		F26345E72A7D694F00139468 /* CreateNewTrackerController.swift */ = {isa = PBXFileReference; lastKnownFileType = sourcecode.swift; path = CreateNewTrackerController.swift; sourceTree = "<group>"; };
		F26345E92A7D807500139468 /* NewTrackerViewController.swift */ = {isa = PBXFileReference; lastKnownFileType = sourcecode.swift; path = NewTrackerViewController.swift; sourceTree = "<group>"; };
		F26345EB2A7D933C00139468 /* Constant.swift */ = {isa = PBXFileReference; lastKnownFileType = sourcecode.swift; path = Constant.swift; sourceTree = "<group>"; };
		F27E431F2AC37D260076BE0E /* TrackerTests.xctest */ = {isa = PBXFileReference; explicitFileType = wrapper.cfbundle; includeInIndex = 0; path = TrackerTests.xctest; sourceTree = BUILT_PRODUCTS_DIR; };
		F27E43212AC37D260076BE0E /* TrackerTests.swift */ = {isa = PBXFileReference; lastKnownFileType = sourcecode.swift; path = TrackerTests.swift; sourceTree = "<group>"; };
		F27E432B2AC448B10076BE0E /* FilterViewController.swift */ = {isa = PBXFileReference; lastKnownFileType = sourcecode.swift; path = FilterViewController.swift; sourceTree = "<group>"; };
		F2BAC2322A8E70550009920F /* Colors.swift */ = {isa = PBXFileReference; lastKnownFileType = sourcecode.swift; path = Colors.swift; sourceTree = "<group>"; };
		F2BAC2342A8E78410009920F /* Fonts.swift */ = {isa = PBXFileReference; lastKnownFileType = sourcecode.swift; path = Fonts.swift; sourceTree = "<group>"; };
		F2BAC2622A93FFB10009920F /* TrackerStore.swift */ = {isa = PBXFileReference; lastKnownFileType = sourcecode.swift; path = TrackerStore.swift; sourceTree = "<group>"; };
		F2BAC2642A93FFD40009920F /* TrackerCategoryStore.swift */ = {isa = PBXFileReference; lastKnownFileType = sourcecode.swift; path = TrackerCategoryStore.swift; sourceTree = "<group>"; };
		F2BAC2662A93FFEE0009920F /* TrackerRecordStore.swift */ = {isa = PBXFileReference; lastKnownFileType = sourcecode.swift; path = TrackerRecordStore.swift; sourceTree = "<group>"; };
		F2BAC2692A9400190009920F /* Tracker.xcdatamodel */ = {isa = PBXFileReference; lastKnownFileType = wrapper.xcdatamodel; path = Tracker.xcdatamodel; sourceTree = "<group>"; };
		F2BAC26B2A9484ED0009920F /* UIColorMarshalling.swift */ = {isa = PBXFileReference; lastKnownFileType = sourcecode.swift; path = UIColorMarshalling.swift; sourceTree = "<group>"; };
		F2BAC26D2A9648E30009920F /* UIScheduleMarshalling.swift */ = {isa = PBXFileReference; lastKnownFileType = sourcecode.swift; path = UIScheduleMarshalling.swift; sourceTree = "<group>"; };
		F2BAC2B32AA3C0880009920F /* OnboardingViewController.swift */ = {isa = PBXFileReference; lastKnownFileType = sourcecode.swift; path = OnboardingViewController.swift; sourceTree = "<group>"; };
		F2BAC2DA2AA49DFA0009920F /* CategoryModel.swift */ = {isa = PBXFileReference; lastKnownFileType = sourcecode.swift; path = CategoryModel.swift; sourceTree = "<group>"; };
		F2BAC2DC2AA49E420009920F /* CategoryViewModel.swift */ = {isa = PBXFileReference; lastKnownFileType = sourcecode.swift; path = CategoryViewModel.swift; sourceTree = "<group>"; };
		F2BAC2DE2AA4B6A20009920F /* CategoryTableViewCell.swift */ = {isa = PBXFileReference; lastKnownFileType = sourcecode.swift; path = CategoryTableViewCell.swift; sourceTree = "<group>"; };
		F2BC13802AA7A020005D6120 /* NewCategoryViewController.swift */ = {isa = PBXFileReference; lastKnownFileType = sourcecode.swift; path = NewCategoryViewController.swift; sourceTree = "<group>"; };
		F2BC13822AA7A3BC005D6120 /* Extention.swift */ = {isa = PBXFileReference; lastKnownFileType = sourcecode.swift; path = Extention.swift; sourceTree = "<group>"; };
		F2BC13882AADD9BB005D6120 /* Observable.swift */ = {isa = PBXFileReference; lastKnownFileType = sourcecode.swift; path = Observable.swift; sourceTree = "<group>"; };
		F2C203C02A73008E005EE4EB /* Tracker.app */ = {isa = PBXFileReference; explicitFileType = wrapper.application; includeInIndex = 0; path = Tracker.app; sourceTree = BUILT_PRODUCTS_DIR; };
		F2C203C32A73008E005EE4EB /* AppDelegate.swift */ = {isa = PBXFileReference; lastKnownFileType = sourcecode.swift; path = AppDelegate.swift; sourceTree = "<group>"; };
		F2C203C72A73008E005EE4EB /* TrackersViewController.swift */ = {isa = PBXFileReference; lastKnownFileType = sourcecode.swift; path = TrackersViewController.swift; sourceTree = "<group>"; };
		F2C203CC2A73008F005EE4EB /* Assets.xcassets */ = {isa = PBXFileReference; lastKnownFileType = folder.assetcatalog; path = Assets.xcassets; sourceTree = "<group>"; };
		F2C203CF2A73008F005EE4EB /* Base */ = {isa = PBXFileReference; lastKnownFileType = file.storyboard; name = Base; path = Base.lproj/LaunchScreen.storyboard; sourceTree = "<group>"; };
		F2C203D12A73008F005EE4EB /* Info.plist */ = {isa = PBXFileReference; lastKnownFileType = text.plist.xml; path = Info.plist; sourceTree = "<group>"; };
/* End PBXFileReference section */

/* Begin PBXFrameworksBuildPhase section */
		F27E431C2AC37D260076BE0E /* Frameworks */ = {
			isa = PBXFrameworksBuildPhase;
			buildActionMask = 2147483647;
			files = (
				F27E432A2AC37D590076BE0E /* SnapshotTesting in Frameworks */,
			);
			runOnlyForDeploymentPostprocessing = 0;
		};
		F2C203BD2A73008E005EE4EB /* Frameworks */ = {
			isa = PBXFrameworksBuildPhase;
			buildActionMask = 2147483647;
			files = (
			);
			runOnlyForDeploymentPostprocessing = 0;
		};
/* End PBXFrameworksBuildPhase section */

/* Begin PBXGroup section */
		F23372B22AAFAECC00EB3D8E /* Onboarding */ = {
			isa = PBXGroup;
			children = (
				F2BAC2B32AA3C0880009920F /* OnboardingViewController.swift */,
				F23372B02AAF9C5800EB3D8E /* PageViewController.swift */,
			);
			path = Onboarding;
			sourceTree = "<group>";
		};
		F23372DC2AC0E7B500EB3D8E /* Resources */ = {
			isa = PBXGroup;
			children = (
				F23372E22AC0EA2D00EB3D8E /* Localizable.strings */,
				F23372E82AC0FA8D00EB3D8E /* InfoPlist.strings */,
			);
			path = Resources;
			sourceTree = "<group>";
		};
		F27E43202AC37D260076BE0E /* TrackerTests */ = {
			isa = PBXGroup;
			children = (
				F27E43212AC37D260076BE0E /* TrackerTests.swift */,
			);
			path = TrackerTests;
			sourceTree = "<group>";
		};
		F2BAC22F2A8E6F9C0009920F /* Helpers */ = {
			isa = PBXGroup;
			children = (
				F26345EB2A7D933C00139468 /* Constant.swift */,
				F2BAC2322A8E70550009920F /* Colors.swift */,
				F2BAC2342A8E78410009920F /* Fonts.swift */,
				F2BAC26B2A9484ED0009920F /* UIColorMarshalling.swift */,
				F2BAC26D2A9648E30009920F /* UIScheduleMarshalling.swift */,
				F22C50952A79764700FE23C1 /* TrackerStructure.swift */,
				F2BC13822AA7A3BC005D6120 /* Extention.swift */,
				F23372DA2AC0E05000EB3D8E /* TextHelper.swift */,
			);
			path = Helpers;
			sourceTree = "<group>";
		};
		F2BAC2612A93FF960009920F /* CoreData */ = {
			isa = PBXGroup;
			children = (
				F2BAC2622A93FFB10009920F /* TrackerStore.swift */,
				F2BAC2642A93FFD40009920F /* TrackerCategoryStore.swift */,
				F2BAC2662A93FFEE0009920F /* TrackerRecordStore.swift */,
				F2BAC2682A9400190009920F /* Tracker.xcdatamodeld */,
			);
			path = CoreData;
			sourceTree = "<group>";
		};
		F2BAC2D72AA49BDB0009920F /* Trackers */ = {
			isa = PBXGroup;
			children = (
				F22C50932A79729100FE23C1 /* SupplementaryView.swift */,
				F22C50912A79611800FE23C1 /* TrackerViewCell.swift */,
				F2C203C72A73008E005EE4EB /* TrackersViewController.swift */,
				F23372D82ABF69FF00EB3D8E /* EditTrackerViewController.swift */,
				F27E432B2AC448B10076BE0E /* FilterViewController.swift */,
			);
			path = Trackers;
			sourceTree = "<group>";
		};
		F2BAC2D82AA49C6F0009920F /* CreateNewTracker */ = {
			isa = PBXGroup;
			children = (
				F26345E72A7D694F00139468 /* CreateNewTrackerController.swift */,
				F26345E92A7D807500139468 /* NewTrackerViewController.swift */,
				F224145D2A82E77B0045E50C /* CollectionViewCell.swift */,
				F22414592A8186270045E50C /* CollectionSupplementaryView.swift */,
				F224145F2A854FFA0045E50C /* ScheduleViewController.swift */,
			);
			path = CreateNewTracker;
			sourceTree = "<group>";
		};
		F2BAC2D92AA49D1E0009920F /* Category MVVM */ = {
			isa = PBXGroup;
			children = (
				F22414612A859B560045E50C /* CategoryViewController.swift */,
				F2BC13802AA7A020005D6120 /* NewCategoryViewController.swift */,
				F2BAC2DE2AA4B6A20009920F /* CategoryTableViewCell.swift */,
				F2BAC2DA2AA49DFA0009920F /* CategoryModel.swift */,
				F2BAC2DC2AA49E420009920F /* CategoryViewModel.swift */,
				F2BC13882AADD9BB005D6120 /* Observable.swift */,
			);
			path = "Category MVVM";
			sourceTree = "<group>";
		};
		F2C203B72A73008E005EE4EB = {
			isa = PBXGroup;
			children = (
				F2C203C22A73008E005EE4EB /* Tracker */,
				F27E43202AC37D260076BE0E /* TrackerTests */,
				F2C203C12A73008E005EE4EB /* Products */,
			);
			sourceTree = "<group>";
		};
		F2C203C12A73008E005EE4EB /* Products */ = {
			isa = PBXGroup;
			children = (
				F2C203C02A73008E005EE4EB /* Tracker.app */,
				F27E431F2AC37D260076BE0E /* TrackerTests.xctest */,
			);
			name = Products;
			sourceTree = "<group>";
		};
		F2C203C22A73008E005EE4EB /* Tracker */ = {
			isa = PBXGroup;
			children = (
				F23372DC2AC0E7B500EB3D8E /* Resources */,
				F2BAC22F2A8E6F9C0009920F /* Helpers */,
				F2BAC2612A93FF960009920F /* CoreData */,
				F23372B22AAFAECC00EB3D8E /* Onboarding */,
				F2BAC2D72AA49BDB0009920F /* Trackers */,
				F2BAC2D82AA49C6F0009920F /* CreateNewTracker */,
				F2BAC2D92AA49D1E0009920F /* Category MVVM */,
				F2C203C32A73008E005EE4EB /* AppDelegate.swift */,
				F24FF4032A76AC9600CDD96F /* TabBarController.swift */,
				F24FF4052A76AFE200CDD96F /* StatisticViewController.swift */,
				F2C203CC2A73008F005EE4EB /* Assets.xcassets */,
				F2C203CE2A73008F005EE4EB /* LaunchScreen.storyboard */,
				F2C203D12A73008F005EE4EB /* Info.plist */,
			);
			path = Tracker;
			sourceTree = "<group>";
		};
/* End PBXGroup section */

/* Begin PBXNativeTarget section */
		F27E431E2AC37D260076BE0E /* TrackerTests */ = {
			isa = PBXNativeTarget;
			buildConfigurationList = F27E43272AC37D260076BE0E /* Build configuration list for PBXNativeTarget "TrackerTests" */;
			buildPhases = (
				F27E431B2AC37D260076BE0E /* Sources */,
				F27E431C2AC37D260076BE0E /* Frameworks */,
				F27E431D2AC37D260076BE0E /* Resources */,
			);
			buildRules = (
			);
			dependencies = (
				F27E43242AC37D260076BE0E /* PBXTargetDependency */,
			);
			name = TrackerTests;
			packageProductDependencies = (
				F27E43292AC37D590076BE0E /* SnapshotTesting */,
			);
			productName = TrackerTests;
			productReference = F27E431F2AC37D260076BE0E /* TrackerTests.xctest */;
			productType = "com.apple.product-type.bundle.unit-test";
		};
		F2C203BF2A73008E005EE4EB /* Tracker */ = {
			isa = PBXNativeTarget;
			buildConfigurationList = F2C203D42A73008F005EE4EB /* Build configuration list for PBXNativeTarget "Tracker" */;
			buildPhases = (
				F2C203BC2A73008E005EE4EB /* Sources */,
				F2C203BD2A73008E005EE4EB /* Frameworks */,
				F2C203BE2A73008E005EE4EB /* Resources */,
			);
			buildRules = (
			);
			dependencies = (
			);
			name = Tracker;
			productName = Tracker;
			productReference = F2C203C02A73008E005EE4EB /* Tracker.app */;
			productType = "com.apple.product-type.application";
		};
/* End PBXNativeTarget section */

/* Begin PBXProject section */
		F2C203B82A73008E005EE4EB /* Project object */ = {
			isa = PBXProject;
			attributes = {
				BuildIndependentTargetsInParallel = 1;
				LastSwiftUpdateCheck = 1430;
				LastUpgradeCheck = 1430;
				TargetAttributes = {
					F27E431E2AC37D260076BE0E = {
						CreatedOnToolsVersion = 14.3.1;
						TestTargetID = F2C203BF2A73008E005EE4EB;
					};
					F2C203BF2A73008E005EE4EB = {
						CreatedOnToolsVersion = 14.3.1;
					};
				};
			};
			buildConfigurationList = F2C203BB2A73008E005EE4EB /* Build configuration list for PBXProject "Tracker" */;
			compatibilityVersion = "Xcode 14.0";
			developmentRegion = en;
			hasScannedForEncodings = 0;
			knownRegions = (
				en,
				Base,
				ru,
			);
			mainGroup = F2C203B72A73008E005EE4EB;
			packageReferences = (
				F27E43282AC37D590076BE0E /* XCRemoteSwiftPackageReference "swift-snapshot-testing" */,
			);
			productRefGroup = F2C203C12A73008E005EE4EB /* Products */;
			projectDirPath = "";
			projectRoot = "";
			targets = (
				F2C203BF2A73008E005EE4EB /* Tracker */,
				F27E431E2AC37D260076BE0E /* TrackerTests */,
			);
		};
/* End PBXProject section */

/* Begin PBXResourcesBuildPhase section */
		F27E431D2AC37D260076BE0E /* Resources */ = {
			isa = PBXResourcesBuildPhase;
			buildActionMask = 2147483647;
			files = (
			);
			runOnlyForDeploymentPostprocessing = 0;
		};
		F2C203BE2A73008E005EE4EB /* Resources */ = {
			isa = PBXResourcesBuildPhase;
			buildActionMask = 2147483647;
			files = (
				F2C203D02A73008F005EE4EB /* LaunchScreen.storyboard in Resources */,
				F23372E62AC0FA8D00EB3D8E /* InfoPlist.strings in Resources */,
				F23372E02AC0EA2D00EB3D8E /* Localizable.strings in Resources */,
				F2C203CD2A73008F005EE4EB /* Assets.xcassets in Resources */,
			);
			runOnlyForDeploymentPostprocessing = 0;
		};
/* End PBXResourcesBuildPhase section */

/* Begin PBXSourcesBuildPhase section */
		F27E431B2AC37D260076BE0E /* Sources */ = {
			isa = PBXSourcesBuildPhase;
			buildActionMask = 2147483647;
			files = (
				F27E43222AC37D260076BE0E /* TrackerTests.swift in Sources */,
			);
			runOnlyForDeploymentPostprocessing = 0;
		};
		F2C203BC2A73008E005EE4EB /* Sources */ = {
			isa = PBXSourcesBuildPhase;
			buildActionMask = 2147483647;
			files = (
				F22414602A854FFA0045E50C /* ScheduleViewController.swift in Sources */,
				F2C203C82A73008E005EE4EB /* TrackersViewController.swift in Sources */,
				F2BAC2632A93FFB10009920F /* TrackerStore.swift in Sources */,
				F22414622A859B560045E50C /* CategoryViewController.swift in Sources */,
				F2BAC2B42AA3C0880009920F /* OnboardingViewController.swift in Sources */,
				F2BAC2652A93FFD40009920F /* TrackerCategoryStore.swift in Sources */,
				F24FF4042A76AC9600CDD96F /* TabBarController.swift in Sources */,
				F22C50942A79729100FE23C1 /* SupplementaryView.swift in Sources */,
				F2C203C42A73008E005EE4EB /* AppDelegate.swift in Sources */,
				F2BAC2352A8E78410009920F /* Fonts.swift in Sources */,
				F2BC13812AA7A020005D6120 /* NewCategoryViewController.swift in Sources */,
				F26345EA2A7D807500139468 /* NewTrackerViewController.swift in Sources */,
				F2BAC2DF2AA4B6A20009920F /* CategoryTableViewCell.swift in Sources */,
				F26345E82A7D695000139468 /* CreateNewTrackerController.swift in Sources */,
				F2BAC2332A8E70550009920F /* Colors.swift in Sources */,
				F2BAC2DB2AA49DFA0009920F /* CategoryModel.swift in Sources */,
				F23372DB2AC0E05000EB3D8E /* TextHelper.swift in Sources */,
				F24FF4062A76AFE200CDD96F /* StatisticViewController.swift in Sources */,
				F2BAC26C2A9484ED0009920F /* UIColorMarshalling.swift in Sources */,
				F224145A2A8186270045E50C /* CollectionSupplementaryView.swift in Sources */,
				F2BAC2DD2AA49E420009920F /* CategoryViewModel.swift in Sources */,
				F2BC13832AA7A3BC005D6120 /* Extention.swift in Sources */,
				F23372B12AAF9C5800EB3D8E /* PageViewController.swift in Sources */,
				F23372D92ABF69FF00EB3D8E /* EditTrackerViewController.swift in Sources */,
				F2BAC26E2A9648E30009920F /* UIScheduleMarshalling.swift in Sources */,
				F2BAC2672A93FFEE0009920F /* TrackerRecordStore.swift in Sources */,
				F224145E2A82E77B0045E50C /* CollectionViewCell.swift in Sources */,
				F27E432C2AC448B10076BE0E /* FilterViewController.swift in Sources */,
				F2BC13892AADD9BB005D6120 /* Observable.swift in Sources */,
				F2BAC26A2A9400190009920F /* Tracker.xcdatamodeld in Sources */,
				F22C50922A79611800FE23C1 /* TrackerViewCell.swift in Sources */,
				F26345EC2A7D933C00139468 /* Constant.swift in Sources */,
				F22C50962A79764700FE23C1 /* TrackerStructure.swift in Sources */,
			);
			runOnlyForDeploymentPostprocessing = 0;
		};
/* End PBXSourcesBuildPhase section */

/* Begin PBXTargetDependency section */
		F27E43242AC37D260076BE0E /* PBXTargetDependency */ = {
			isa = PBXTargetDependency;
			target = F2C203BF2A73008E005EE4EB /* Tracker */;
			targetProxy = F27E43232AC37D260076BE0E /* PBXContainerItemProxy */;
		};
/* End PBXTargetDependency section */

/* Begin PBXVariantGroup section */
		F23372E22AC0EA2D00EB3D8E /* Localizable.strings */ = {
			isa = PBXVariantGroup;
			children = (
				F23372E12AC0EA2D00EB3D8E /* ru */,
				F23372E32AC0EA3900EB3D8E /* en */,
			);
			name = Localizable.strings;
			sourceTree = "<group>";
		};
		F23372E82AC0FA8D00EB3D8E /* InfoPlist.strings */ = {
			isa = PBXVariantGroup;
			children = (
				F23372E72AC0FA8D00EB3D8E /* en */,
				F23372E92AC0FA9200EB3D8E /* ru */,
			);
			name = InfoPlist.strings;
			sourceTree = "<group>";
		};
		F2C203CE2A73008F005EE4EB /* LaunchScreen.storyboard */ = {
			isa = PBXVariantGroup;
			children = (
				F2C203CF2A73008F005EE4EB /* Base */,
				F23372DF2AC0E94E00EB3D8E /* ru */,
			);
			name = LaunchScreen.storyboard;
			sourceTree = "<group>";
		};
/* End PBXVariantGroup section */

/* Begin XCBuildConfiguration section */
		F27E43252AC37D260076BE0E /* Debug */ = {
			isa = XCBuildConfiguration;
			buildSettings = {
				BUNDLE_LOADER = "$(TEST_HOST)";
				CODE_SIGN_STYLE = Automatic;
				CURRENT_PROJECT_VERSION = 1;
				DEVELOPMENT_TEAM = 3WUFQGL67T;
				GENERATE_INFOPLIST_FILE = YES;
				MARKETING_VERSION = 1.0;
				PRODUCT_BUNDLE_IDENTIFIER = ru.kosmonur.TrackerTests;
				PRODUCT_NAME = "$(TARGET_NAME)";
				SWIFT_EMIT_LOC_STRINGS = NO;
				SWIFT_VERSION = 5.0;
				TARGETED_DEVICE_FAMILY = "1,2";
				TEST_HOST = "$(BUILT_PRODUCTS_DIR)/Tracker.app/$(BUNDLE_EXECUTABLE_FOLDER_PATH)/Tracker";
			};
			name = Debug;
		};
		F27E43262AC37D260076BE0E /* Release */ = {
			isa = XCBuildConfiguration;
			buildSettings = {
				BUNDLE_LOADER = "$(TEST_HOST)";
				CODE_SIGN_STYLE = Automatic;
				CURRENT_PROJECT_VERSION = 1;
				DEVELOPMENT_TEAM = 3WUFQGL67T;
				GENERATE_INFOPLIST_FILE = YES;
				MARKETING_VERSION = 1.0;
				PRODUCT_BUNDLE_IDENTIFIER = ru.kosmonur.TrackerTests;
				PRODUCT_NAME = "$(TARGET_NAME)";
				SWIFT_EMIT_LOC_STRINGS = NO;
				SWIFT_VERSION = 5.0;
				TARGETED_DEVICE_FAMILY = "1,2";
				TEST_HOST = "$(BUILT_PRODUCTS_DIR)/Tracker.app/$(BUNDLE_EXECUTABLE_FOLDER_PATH)/Tracker";
			};
			name = Release;
		};
		F2C203D22A73008F005EE4EB /* Debug */ = {
			isa = XCBuildConfiguration;
			buildSettings = {
				ALWAYS_SEARCH_USER_PATHS = NO;
				CLANG_ANALYZER_LOCALIZABILITY_NONLOCALIZED = YES;
				CLANG_ANALYZER_NONNULL = YES;
				CLANG_ANALYZER_NUMBER_OBJECT_CONVERSION = YES_AGGRESSIVE;
				CLANG_CXX_LANGUAGE_STANDARD = "gnu++20";
				CLANG_ENABLE_MODULES = YES;
				CLANG_ENABLE_OBJC_ARC = YES;
				CLANG_ENABLE_OBJC_WEAK = YES;
				CLANG_WARN_BLOCK_CAPTURE_AUTORELEASING = YES;
				CLANG_WARN_BOOL_CONVERSION = YES;
				CLANG_WARN_COMMA = YES;
				CLANG_WARN_CONSTANT_CONVERSION = YES;
				CLANG_WARN_DEPRECATED_OBJC_IMPLEMENTATIONS = YES;
				CLANG_WARN_DIRECT_OBJC_ISA_USAGE = YES_ERROR;
				CLANG_WARN_DOCUMENTATION_COMMENTS = YES;
				CLANG_WARN_EMPTY_BODY = YES;
				CLANG_WARN_ENUM_CONVERSION = YES;
				CLANG_WARN_INFINITE_RECURSION = YES;
				CLANG_WARN_INT_CONVERSION = YES;
				CLANG_WARN_NON_LITERAL_NULL_CONVERSION = YES;
				CLANG_WARN_OBJC_IMPLICIT_RETAIN_SELF = YES;
				CLANG_WARN_OBJC_LITERAL_CONVERSION = YES;
				CLANG_WARN_OBJC_ROOT_CLASS = YES_ERROR;
				CLANG_WARN_QUOTED_INCLUDE_IN_FRAMEWORK_HEADER = YES;
				CLANG_WARN_RANGE_LOOP_ANALYSIS = YES;
				CLANG_WARN_STRICT_PROTOTYPES = YES;
				CLANG_WARN_SUSPICIOUS_MOVE = YES;
				CLANG_WARN_UNGUARDED_AVAILABILITY = YES_AGGRESSIVE;
				CLANG_WARN_UNREACHABLE_CODE = YES;
				CLANG_WARN__DUPLICATE_METHOD_MATCH = YES;
				COPY_PHASE_STRIP = NO;
				DEBUG_INFORMATION_FORMAT = dwarf;
				ENABLE_STRICT_OBJC_MSGSEND = YES;
				ENABLE_TESTABILITY = YES;
				GCC_C_LANGUAGE_STANDARD = gnu11;
				GCC_DYNAMIC_NO_PIC = NO;
				GCC_NO_COMMON_BLOCKS = YES;
				GCC_OPTIMIZATION_LEVEL = 0;
				GCC_PREPROCESSOR_DEFINITIONS = (
					"DEBUG=1",
					"$(inherited)",
				);
				GCC_WARN_64_TO_32_BIT_CONVERSION = YES;
				GCC_WARN_ABOUT_RETURN_TYPE = YES_ERROR;
				GCC_WARN_UNDECLARED_SELECTOR = YES;
				GCC_WARN_UNINITIALIZED_AUTOS = YES_AGGRESSIVE;
				GCC_WARN_UNUSED_FUNCTION = YES;
				GCC_WARN_UNUSED_VARIABLE = YES;
				IPHONEOS_DEPLOYMENT_TARGET = 16.4;
				MTL_ENABLE_DEBUG_INFO = INCLUDE_SOURCE;
				MTL_FAST_MATH = YES;
				ONLY_ACTIVE_ARCH = YES;
				SDKROOT = iphoneos;
				SWIFT_ACTIVE_COMPILATION_CONDITIONS = DEBUG;
				SWIFT_OPTIMIZATION_LEVEL = "-Onone";
			};
			name = Debug;
		};
		F2C203D32A73008F005EE4EB /* Release */ = {
			isa = XCBuildConfiguration;
			buildSettings = {
				ALWAYS_SEARCH_USER_PATHS = NO;
				CLANG_ANALYZER_LOCALIZABILITY_NONLOCALIZED = YES;
				CLANG_ANALYZER_NONNULL = YES;
				CLANG_ANALYZER_NUMBER_OBJECT_CONVERSION = YES_AGGRESSIVE;
				CLANG_CXX_LANGUAGE_STANDARD = "gnu++20";
				CLANG_ENABLE_MODULES = YES;
				CLANG_ENABLE_OBJC_ARC = YES;
				CLANG_ENABLE_OBJC_WEAK = YES;
				CLANG_WARN_BLOCK_CAPTURE_AUTORELEASING = YES;
				CLANG_WARN_BOOL_CONVERSION = YES;
				CLANG_WARN_COMMA = YES;
				CLANG_WARN_CONSTANT_CONVERSION = YES;
				CLANG_WARN_DEPRECATED_OBJC_IMPLEMENTATIONS = YES;
				CLANG_WARN_DIRECT_OBJC_ISA_USAGE = YES_ERROR;
				CLANG_WARN_DOCUMENTATION_COMMENTS = YES;
				CLANG_WARN_EMPTY_BODY = YES;
				CLANG_WARN_ENUM_CONVERSION = YES;
				CLANG_WARN_INFINITE_RECURSION = YES;
				CLANG_WARN_INT_CONVERSION = YES;
				CLANG_WARN_NON_LITERAL_NULL_CONVERSION = YES;
				CLANG_WARN_OBJC_IMPLICIT_RETAIN_SELF = YES;
				CLANG_WARN_OBJC_LITERAL_CONVERSION = YES;
				CLANG_WARN_OBJC_ROOT_CLASS = YES_ERROR;
				CLANG_WARN_QUOTED_INCLUDE_IN_FRAMEWORK_HEADER = YES;
				CLANG_WARN_RANGE_LOOP_ANALYSIS = YES;
				CLANG_WARN_STRICT_PROTOTYPES = YES;
				CLANG_WARN_SUSPICIOUS_MOVE = YES;
				CLANG_WARN_UNGUARDED_AVAILABILITY = YES_AGGRESSIVE;
				CLANG_WARN_UNREACHABLE_CODE = YES;
				CLANG_WARN__DUPLICATE_METHOD_MATCH = YES;
				COPY_PHASE_STRIP = NO;
				DEBUG_INFORMATION_FORMAT = "dwarf-with-dsym";
				ENABLE_NS_ASSERTIONS = NO;
				ENABLE_STRICT_OBJC_MSGSEND = YES;
				GCC_C_LANGUAGE_STANDARD = gnu11;
				GCC_NO_COMMON_BLOCKS = YES;
				GCC_WARN_64_TO_32_BIT_CONVERSION = YES;
				GCC_WARN_ABOUT_RETURN_TYPE = YES_ERROR;
				GCC_WARN_UNDECLARED_SELECTOR = YES;
				GCC_WARN_UNINITIALIZED_AUTOS = YES_AGGRESSIVE;
				GCC_WARN_UNUSED_FUNCTION = YES;
				GCC_WARN_UNUSED_VARIABLE = YES;
				IPHONEOS_DEPLOYMENT_TARGET = 16.4;
				MTL_ENABLE_DEBUG_INFO = NO;
				MTL_FAST_MATH = YES;
				SDKROOT = iphoneos;
				SWIFT_COMPILATION_MODE = wholemodule;
				SWIFT_OPTIMIZATION_LEVEL = "-O";
				VALIDATE_PRODUCT = YES;
			};
			name = Release;
		};
		F2C203D52A73008F005EE4EB /* Debug */ = {
			isa = XCBuildConfiguration;
			buildSettings = {
				ASSETCATALOG_COMPILER_APPICON_NAME = AppIcon;
				ASSETCATALOG_COMPILER_GLOBAL_ACCENT_COLOR_NAME = AccentColor;
				CODE_SIGN_STYLE = Automatic;
				CURRENT_PROJECT_VERSION = 1;
				DEVELOPMENT_TEAM = 3WUFQGL67T;
				GENERATE_INFOPLIST_FILE = YES;
				INFOPLIST_FILE = Tracker/Info.plist;
				INFOPLIST_KEY_UIApplicationSupportsIndirectInputEvents = YES;
				INFOPLIST_KEY_UILaunchStoryboardName = LaunchScreen;
				INFOPLIST_KEY_UIMainStoryboardFile = "";
				INFOPLIST_KEY_UISupportedInterfaceOrientations = UIInterfaceOrientationPortrait;
				INFOPLIST_KEY_UISupportedInterfaceOrientations_iPad = "UIInterfaceOrientationLandscapeLeft UIInterfaceOrientationLandscapeRight UIInterfaceOrientationPortrait UIInterfaceOrientationPortraitUpsideDown";
				IPHONEOS_DEPLOYMENT_TARGET = 13.4;
				LD_RUNPATH_SEARCH_PATHS = (
					"$(inherited)",
					"@executable_path/Frameworks",
				);
				MARKETING_VERSION = 1.0;
				PRODUCT_BUNDLE_IDENTIFIER = ru.kosmonur.Tracker;
				PRODUCT_NAME = "$(TARGET_NAME)";
				SUPPORTED_PLATFORMS = "iphoneos iphonesimulator";
				SUPPORTS_MACCATALYST = NO;
				SUPPORTS_MAC_DESIGNED_FOR_IPHONE_IPAD = NO;
				SWIFT_EMIT_LOC_STRINGS = YES;
				SWIFT_VERSION = 5.0;
				TARGETED_DEVICE_FAMILY = 1;
			};
			name = Debug;
		};
		F2C203D62A73008F005EE4EB /* Release */ = {
			isa = XCBuildConfiguration;
			buildSettings = {
				ASSETCATALOG_COMPILER_APPICON_NAME = AppIcon;
				ASSETCATALOG_COMPILER_GLOBAL_ACCENT_COLOR_NAME = AccentColor;
				CODE_SIGN_STYLE = Automatic;
				CURRENT_PROJECT_VERSION = 1;
				DEVELOPMENT_TEAM = 3WUFQGL67T;
				GENERATE_INFOPLIST_FILE = YES;
				INFOPLIST_FILE = Tracker/Info.plist;
				INFOPLIST_KEY_UIApplicationSupportsIndirectInputEvents = YES;
				INFOPLIST_KEY_UILaunchStoryboardName = LaunchScreen;
				INFOPLIST_KEY_UIMainStoryboardFile = "";
				INFOPLIST_KEY_UISupportedInterfaceOrientations = UIInterfaceOrientationPortrait;
				INFOPLIST_KEY_UISupportedInterfaceOrientations_iPad = "UIInterfaceOrientationLandscapeLeft UIInterfaceOrientationLandscapeRight UIInterfaceOrientationPortrait UIInterfaceOrientationPortraitUpsideDown";
				IPHONEOS_DEPLOYMENT_TARGET = 13.4;
				LD_RUNPATH_SEARCH_PATHS = (
					"$(inherited)",
					"@executable_path/Frameworks",
				);
				MARKETING_VERSION = 1.0;
				PRODUCT_BUNDLE_IDENTIFIER = ru.kosmonur.Tracker;
				PRODUCT_NAME = "$(TARGET_NAME)";
				SUPPORTED_PLATFORMS = "iphoneos iphonesimulator";
				SUPPORTS_MACCATALYST = NO;
				SUPPORTS_MAC_DESIGNED_FOR_IPHONE_IPAD = NO;
				SWIFT_EMIT_LOC_STRINGS = YES;
				SWIFT_VERSION = 5.0;
				TARGETED_DEVICE_FAMILY = 1;
			};
			name = Release;
		};
/* End XCBuildConfiguration section */

/* Begin XCConfigurationList section */
		F27E43272AC37D260076BE0E /* Build configuration list for PBXNativeTarget "TrackerTests" */ = {
			isa = XCConfigurationList;
			buildConfigurations = (
				F27E43252AC37D260076BE0E /* Debug */,
				F27E43262AC37D260076BE0E /* Release */,
			);
			defaultConfigurationIsVisible = 0;
			defaultConfigurationName = Release;
		};
		F2C203BB2A73008E005EE4EB /* Build configuration list for PBXProject "Tracker" */ = {
			isa = XCConfigurationList;
			buildConfigurations = (
				F2C203D22A73008F005EE4EB /* Debug */,
				F2C203D32A73008F005EE4EB /* Release */,
			);
			defaultConfigurationIsVisible = 0;
			defaultConfigurationName = Release;
		};
		F2C203D42A73008F005EE4EB /* Build configuration list for PBXNativeTarget "Tracker" */ = {
			isa = XCConfigurationList;
			buildConfigurations = (
				F2C203D52A73008F005EE4EB /* Debug */,
				F2C203D62A73008F005EE4EB /* Release */,
			);
			defaultConfigurationIsVisible = 0;
			defaultConfigurationName = Release;
		};
/* End XCConfigurationList section */

/* Begin XCRemoteSwiftPackageReference section */
		F27E43282AC37D590076BE0E /* XCRemoteSwiftPackageReference "swift-snapshot-testing" */ = {
			isa = XCRemoteSwiftPackageReference;
			repositoryURL = "https://github.com/pointfreeco/swift-snapshot-testing";
			requirement = {
				kind = upToNextMajorVersion;
				minimumVersion = 1.0.0;
			};
		};
/* End XCRemoteSwiftPackageReference section */

/* Begin XCSwiftPackageProductDependency section */
		F27E43292AC37D590076BE0E /* SnapshotTesting */ = {
			isa = XCSwiftPackageProductDependency;
			package = F27E43282AC37D590076BE0E /* XCRemoteSwiftPackageReference "swift-snapshot-testing" */;
			productName = SnapshotTesting;
		};
/* End XCSwiftPackageProductDependency section */

/* Begin XCVersionGroup section */
		F2BAC2682A9400190009920F /* Tracker.xcdatamodeld */ = {
			isa = XCVersionGroup;
			children = (
				F2BAC2692A9400190009920F /* Tracker.xcdatamodel */,
			);
			currentVersion = F2BAC2692A9400190009920F /* Tracker.xcdatamodel */;
			path = Tracker.xcdatamodeld;
			sourceTree = "<group>";
			versionGroupType = wrapper.xcdatamodel;
		};
/* End XCVersionGroup section */
	};
	rootObject = F2C203B82A73008E005EE4EB /* Project object */;
}
